
Microsoft Visual Studio Solution File, Format Version 12.00
# Visual Studio Version 17
VisualStudioVersion = 17.0.31521.260
MinimumVisualStudioVersion = 10.0.40219.1
Project("{FAE04EC0-301F-11D3-BF4B-00C04F79EFBC}") = "Swiper.UWP", "Swiper\Swiper.UWP\Swiper.UWP.csproj", "{827A8E06-38DF-4FF8-A693-39E87926D30D}"
EndProject
Project("{FAE04EC0-301F-11D3-BF4B-00C04F79EFBC}") = "Swiper.Android", "Swiper\Swiper.Android\Swiper.Android.csproj", "{E45986D3-A318-4F31-BC87-471BB7B12D37}"
EndProject
Project("{FAE04EC0-301F-11D3-BF4B-00C04F79EFBC}") = "Swiper.iOS", "Swiper\Swiper.iOS\Swiper.iOS.csproj", "{D7752EA3-FADE-4D26-9AFA-CE4C0C0671DE}"
EndProject
Project("{FAE04EC0-301F-11D3-BF4B-00C04F79EFBC}") = "Swiper", "Swiper\Swiper\Swiper.csproj", "{93148893-8893-4C38-8B1F-6F1D26BF607B}"
EndProject
Global
	GlobalSection(SolutionConfigurationPlatforms) = preSolution
		Debug|Any CPU = Debug|Any CPU
		Debug|ARM = Debug|ARM
		Debug|iPhone = Debug|iPhone
		Debug|iPhoneSimulator = Debug|iPhoneSimulator
		Debug|x64 = Debug|x64
		Debug|x86 = Debug|x86
		Release|Any CPU = Release|Any CPU
		Release|ARM = Release|ARM
		Release|iPhone = Release|iPhone
		Release|iPhoneSimulator = Release|iPhoneSimulator
		Release|x64 = Release|x64
		Release|x86 = Release|x86
	EndGlobalSection
	GlobalSection(ProjectConfigurationPlatforms) = postSolution
		{827A8E06-38DF-4FF8-A693-39E87926D30D}.Debug|Any CPU.ActiveCfg = Debug|x86
		{827A8E06-38DF-4FF8-A693-39E87926D30D}.Debug|Any CPU.Build.0 = Debug|x86
		{827A8E06-38DF-4FF8-A693-39E87926D30D}.Debug|Any CPU.Deploy.0 = Debug|x86
		{827A8E06-38DF-4FF8-A693-39E87926D30D}.Debug|ARM.ActiveCfg = Debug|ARM
		{827A8E06-38DF-4FF8-A693-39E87926D30D}.Debug|ARM.Build.0 = Debug|ARM
		{827A8E06-38DF-4FF8-A693-39E87926D30D}.Debug|ARM.Deploy.0 = Debug|ARM
		{827A8E06-38DF-4FF8-A693-39E87926D30D}.Debug|iPhone.ActiveCfg = Debug|x86
		{827A8E06-38DF-4FF8-A693-39E87926D30D}.Debug|iPhone.Build.0 = Debug|x86
		{827A8E06-38DF-4FF8-A693-39E87926D30D}.Debug|iPhone.Deploy.0 = Debug|x86
		{827A8E06-38DF-4FF8-A693-39E87926D30D}.Debug|iPhoneSimulator.ActiveCfg = Debug|x86
		{827A8E06-38DF-4FF8-A693-39E87926D30D}.Debug|iPhoneSimulator.Build.0 = Debug|x86
		{827A8E06-38DF-4FF8-A693-39E87926D30D}.Debug|iPhoneSimulator.Deploy.0 = Debug|x86
		{827A8E06-38DF-4FF8-A693-39E87926D30D}.Debug|x64.ActiveCfg = Debug|x64
		{827A8E06-38DF-4FF8-A693-39E87926D30D}.Debug|x64.Build.0 = Debug|x64
		{827A8E06-38DF-4FF8-A693-39E87926D30D}.Debug|x64.Deploy.0 = Debug|x64
		{827A8E06-38DF-4FF8-A693-39E87926D30D}.Debug|x86.ActiveCfg = Debug|x86
		{827A8E06-38DF-4FF8-A693-39E87926D30D}.Debug|x86.Build.0 = Debug|x86
		{827A8E06-38DF-4FF8-A693-39E87926D30D}.Debug|x86.Deploy.0 = Debug|x86
		{827A8E06-38DF-4FF8-A693-39E87926D30D}.Release|Any CPU.ActiveCfg = Release|x86
		{827A8E06-38DF-4FF8-A693-39E87926D30D}.Release|Any CPU.Build.0 = Release|x86
		{827A8E06-38DF-4FF8-A693-39E87926D30D}.Release|Any CPU.Deploy.0 = Release|x86
		{827A8E06-38DF-4FF8-A693-39E87926D30D}.Release|ARM.ActiveCfg = Release|ARM
		{827A8E06-38DF-4FF8-A693-39E87926D30D}.Release|ARM.Build.0 = Release|ARM
		{827A8E06-38DF-4FF8-A693-39E87926D30D}.Release|ARM.Deploy.0 = Release|ARM
		{827A8E06-38DF-4FF8-A693-39E87926D30D}.Release|iPhone.ActiveCfg = Release|x86
		{827A8E06-38DF-4FF8-A693-39E87926D30D}.Release|iPhone.Build.0 = Release|x86
		{827A8E06-38DF-4FF8-A693-39E87926D30D}.Release|iPhone.Deploy.0 = Release|x86
		{827A8E06-38DF-4FF8-A693-39E87926D30D}.Release|iPhoneSimulator.ActiveCfg = Release|x86
		{827A8E06-38DF-4FF8-A693-39E87926D30D}.Release|iPhoneSimulator.Build.0 = Release|x86
		{827A8E06-38DF-4FF8-A693-39E87926D30D}.Release|iPhoneSimulator.Deploy.0 = Release|x86
		{827A8E06-38DF-4FF8-A693-39E87926D30D}.Release|x64.ActiveCfg = Release|x64
		{827A8E06-38DF-4FF8-A693-39E87926D30D}.Release|x64.Build.0 = Release|x64
		{827A8E06-38DF-4FF8-A693-39E87926D30D}.Release|x64.Deploy.0 = Release|x64
		{827A8E06-38DF-4FF8-A693-39E87926D30D}.Release|x86.ActiveCfg = Release|x86
		{827A8E06-38DF-4FF8-A693-39E87926D30D}.Release|x86.Build.0 = Release|x86
		{827A8E06-38DF-4FF8-A693-39E87926D30D}.Release|x86.Deploy.0 = Release|x86
		{E45986D3-A318-4F31-BC87-471BB7B12D37}.Debug|Any CPU.ActiveCfg = Debug|Any CPU
		{E45986D3-A318-4F31-BC87-471BB7B12D37}.Debug|Any CPU.Build.0 = Debug|Any CPU
		{E45986D3-A318-4F31-BC87-471BB7B12D37}.Debug|Any CPU.Deploy.0 = Debug|Any CPU
		{E45986D3-A318-4F31-BC87-471BB7B12D37}.Debug|ARM.ActiveCfg = Debug|Any CPU
		{E45986D3-A318-4F31-BC87-471BB7B12D37}.Debug|ARM.Build.0 = Debug|Any CPU
		{E45986D3-A318-4F31-BC87-471BB7B12D37}.Debug|ARM.Deploy.0 = Debug|Any CPU
		{E45986D3-A318-4F31-BC87-471BB7B12D37}.Debug|iPhone.ActiveCfg = Debug|Any CPU
		{E45986D3-A318-4F31-BC87-471BB7B12D37}.Debug|iPhone.Build.0 = Debug|Any CPU
		{E45986D3-A318-4F31-BC87-471BB7B12D37}.Debug|iPhone.Deploy.0 = Debug|Any CPU
		{E45986D3-A318-4F31-BC87-471BB7B12D37}.Debug|iPhoneSimulator.ActiveCfg = Debug|Any CPU
		{E45986D3-A318-4F31-BC87-471BB7B12D37}.Debug|iPhoneSimulator.Build.0 = Debug|Any CPU
		{E45986D3-A318-4F31-BC87-471BB7B12D37}.Debug|iPhoneSimulator.Deploy.0 = Debug|Any CPU
		{E45986D3-A318-4F31-BC87-471BB7B12D37}.Debug|x64.ActiveCfg = Debug|Any CPU
		{E45986D3-A318-4F31-BC87-471BB7B12D37}.Debug|x64.Build.0 = Debug|Any CPU
		{E45986D3-A318-4F31-BC87-471BB7B12D37}.Debug|x64.Deploy.0 = Debug|Any CPU
		{E45986D3-A318-4F31-BC87-471BB7B12D37}.Debug|x86.ActiveCfg = Debug|Any CPU
		{E45986D3-A318-4F31-BC87-471BB7B12D37}.Debug|x86.Build.0 = Debug|Any CPU
		{E45986D3-A318-4F31-BC87-471BB7B12D37}.Debug|x86.Deploy.0 = Debug|Any CPU
		{E45986D3-A318-4F31-BC87-471BB7B12D37}.Release|Any CPU.ActiveCfg = Release|Any CPU
		{E45986D3-A318-4F31-BC87-471BB7B12D37}.Release|Any CPU.Build.0 = Release|Any CPU
		{E45986D3-A318-4F31-BC87-471BB7B12D37}.Release|Any CPU.Deploy.0 = Release|Any CPU
		{E45986D3-A318-4F31-BC87-471BB7B12D37}.Release|ARM.ActiveCfg = Release|Any CPU
		{E45986D3-A318-4F31-BC87-471BB7B12D37}.Release|ARM.Build.0 = Release|Any CPU
		{E45986D3-A318-4F31-BC87-471BB7B12D37}.Release|ARM.Deploy.0 = Release|Any CPU
		{E45986D3-A318-4F31-BC87-471BB7B12D37}.Release|iPhone.ActiveCfg = Release|Any CPU
		{E45986D3-A318-4F31-BC87-471BB7B12D37}.Release|iPhone.Build.0 = Release|Any CPU
		{E45986D3-A318-4F31-BC87-471BB7B12D37}.Release|iPhone.Deploy.0 = Release|Any CPU
		{E45986D3-A318-4F31-BC87-471BB7B12D37}.Release|iPhoneSimulator.ActiveCfg = Release|Any CPU
		{E45986D3-A318-4F31-BC87-471BB7B12D37}.Release|iPhoneSimulator.Build.0 = Release|Any CPU
		{E45986D3-A318-4F31-BC87-471BB7B12D37}.Release|iPhoneSimulator.Deploy.0 = Release|Any CPU
		{E45986D3-A318-4F31-BC87-471BB7B12D37}.Release|x64.ActiveCfg = Release|Any CPU
		{E45986D3-A318-4F31-BC87-471BB7B12D37}.Release|x64.Build.0 = Release|Any CPU
		{E45986D3-A318-4F31-BC87-471BB7B12D37}.Release|x64.Deploy.0 = Release|Any CPU
		{E45986D3-A318-4F31-BC87-471BB7B12D37}.Release|x86.ActiveCfg = Release|Any CPU
		{E45986D3-A318-4F31-BC87-471BB7B12D37}.Release|x86.Build.0 = Release|Any CPU
		{E45986D3-A318-4F31-BC87-471BB7B12D37}.Release|x86.Deploy.0 = Release|Any CPU
		{D7752EA3-FADE-4D26-9AFA-CE4C0C0671DE}.Debug|Any CPU.ActiveCfg = Debug|iPhoneSimulator
		{D7752EA3-FADE-4D26-9AFA-CE4C0C0671DE}.Debug|Any CPU.Build.0 = Debug|iPhoneSimulator
		{D7752EA3-FADE-4D26-9AFA-CE4C0C0671DE}.Debug|Any CPU.Deploy.0 = Debug|iPhoneSimulator
		{D7752EA3-FADE-4D26-9AFA-CE4C0C0671DE}.Debug|ARM.ActiveCfg = Debug|iPhone
		{D7752EA3-FADE-4D26-9AFA-CE4C0C0671DE}.Debug|ARM.Build.0 = Debug|iPhone
		{D7752EA3-FADE-4D26-9AFA-CE4C0C0671DE}.Debug|ARM.Deploy.0 = Debug|iPhone
		{D7752EA3-FADE-4D26-9AFA-CE4C0C0671DE}.Debug|iPhone.ActiveCfg = Debug|iPhone
		{D7752EA3-FADE-4D26-9AFA-CE4C0C0671DE}.Debug|iPhone.Build.0 = Debug|iPhone
		{D7752EA3-FADE-4D26-9AFA-CE4C0C0671DE}.Debug|iPhone.Deploy.0 = Debug|iPhone
		{D7752EA3-FADE-4D26-9AFA-CE4C0C0671DE}.Debug|iPhoneSimulator.ActiveCfg = Debug|iPhoneSimulator
		{D7752EA3-FADE-4D26-9AFA-CE4C0C0671DE}.Debug|iPhoneSimulator.Build.0 = Debug|iPhoneSimulator
		{D7752EA3-FADE-4D26-9AFA-CE4C0C0671DE}.Debug|iPhoneSimulator.Deploy.0 = Debug|iPhoneSimulator
		{D7752EA3-FADE-4D26-9AFA-CE4C0C0671DE}.Debug|x64.ActiveCfg = Debug|iPhoneSimulator
		{D7752EA3-FADE-4D26-9AFA-CE4C0C0671DE}.Debug|x64.Build.0 = Debug|iPhoneSimulator
		{D7752EA3-FADE-4D26-9AFA-CE4C0C0671DE}.Debug|x64.Deploy.0 = Debug|iPhoneSimulator
		{D7752EA3-FADE-4D26-9AFA-CE4C0C0671DE}.Debug|x86.ActiveCfg = Debug|iPhoneSimulator
		{D7752EA3-FADE-4D26-9AFA-CE4C0C0671DE}.Debug|x86.Build.0 = Debug|iPhoneSimulator
		{D7752EA3-FADE-4D26-9AFA-CE4C0C0671DE}.Debug|x86.Deploy.0 = Debug|iPhoneSimulator
		{D7752EA3-FADE-4D26-9AFA-CE4C0C0671DE}.Release|Any CPU.ActiveCfg = Release|iPhoneSimulator
		{D7752EA3-FADE-4D26-9AFA-CE4C0C0671DE}.Release|Any CPU.Build.0 = Release|iPhoneSimulator
		{D7752EA3-FADE-4D26-9AFA-CE4C0C0671DE}.Release|Any CPU.Deploy.0 = Release|iPhoneSimulator
		{D7752EA3-FADE-4D26-9AFA-CE4C0C0671DE}.Release|ARM.ActiveCfg = Release|iPhoneSimulator
		{D7752EA3-FADE-4D26-9AFA-CE4C0C0671DE}.Release|ARM.Build.0 = Release|iPhoneSimulator
		{D7752EA3-FADE-4D26-9AFA-CE4C0C0671DE}.Release|ARM.Deploy.0 = Release|iPhoneSimulator
		{D7752EA3-FADE-4D26-9AFA-CE4C0C0671DE}.Release|iPhone.ActiveCfg = Release|iPhone
		{D7752EA3-FADE-4D26-9AFA-CE4C0C0671DE}.Release|iPhone.Build.0 = Release|iPhone
		{D7752EA3-FADE-4D26-9AFA-CE4C0C0671DE}.Release|iPhone.Deploy.0 = Release|iPhone
		{D7752EA3-FADE-4D26-9AFA-CE4C0C0671DE}.Release|iPhoneSimulator.ActiveCfg = Release|iPhoneSimulator
		{D7752EA3-FADE-4D26-9AFA-CE4C0C0671DE}.Release|iPhoneSimulator.Build.0 = Release|iPhoneSimulator
		{D7752EA3-FADE-4D26-9AFA-CE4C0C0671DE}.Release|iPhoneSimulator.Deploy.0 = Release|iPhoneSimulator
		{D7752EA3-FADE-4D26-9AFA-CE4C0C0671DE}.Release|x64.ActiveCfg = Release|iPhoneSimulator
		{D7752EA3-FADE-4D26-9AFA-CE4C0C0671DE}.Release|x64.Build.0 = Release|iPhoneSimulator
		{D7752EA3-FADE-4D26-9AFA-CE4C0C0671DE}.Release|x64.Deploy.0 = Release|iPhoneSimulator
		{D7752EA3-FADE-4D26-9AFA-CE4C0C0671DE}.Release|x86.ActiveCfg = Release|iPhoneSimulator
		{D7752EA3-FADE-4D26-9AFA-CE4C0C0671DE}.Release|x86.Build.0 = Release|iPhoneSimulator
		{D7752EA3-FADE-4D26-9AFA-CE4C0C0671DE}.Release|x86.Deploy.0 = Release|iPhoneSimulator
		{93148893-8893-4C38-8B1F-6F1D26BF607B}.Debug|Any CPU.ActiveCfg = Debug|Any CPU
		{93148893-8893-4C38-8B1F-6F1D26BF607B}.Debug|Any CPU.Build.0 = Debug|Any CPU
		{93148893-8893-4C38-8B1F-6F1D26BF607B}.Debug|Any CPU.Deploy.0 = Debug|Any CPU
		{93148893-8893-4C38-8B1F-6F1D26BF607B}.Debug|ARM.ActiveCfg = Debug|Any CPU
		{93148893-8893-4C38-8B1F-6F1D26BF607B}.Debug|ARM.Build.0 = Debug|Any CPU
		{93148893-8893-4C38-8B1F-6F1D26BF607B}.Debug|ARM.Deploy.0 = Debug|Any CPU
		{93148893-8893-4C38-8B1F-6F1D26BF607B}.Debug|iPhone.ActiveCfg = Debug|Any CPU
		{93148893-8893-4C38-8B1F-6F1D26BF607B}.Debug|iPhone.Build.0 = Debug|Any CPU
		{93148893-8893-4C38-8B1F-6F1D26BF607B}.Debug|iPhone.Deploy.0 = Debug|Any CPU
		{93148893-8893-4C38-8B1F-6F1D26BF607B}.Debug|iPhoneSimulator.ActiveCfg = Debug|Any CPU
		{93148893-8893-4C38-8B1F-6F1D26BF607B}.Debug|iPhoneSimulator.Build.0 = Debug|Any CPU
		{93148893-8893-4C38-8B1F-6F1D26BF607B}.Debug|iPhoneSimulator.Deploy.0 = Debug|Any CPU
		{93148893-8893-4C38-8B1F-6F1D26BF607B}.Debug|x64.ActiveCfg = Debug|Any CPU
		{93148893-8893-4C38-8B1F-6F1D26BF607B}.Debug|x64.Build.0 = Debug|Any CPU
		{93148893-8893-4C38-8B1F-6F1D26BF607B}.Debug|x64.Deploy.0 = Debug|Any CPU
		{93148893-8893-4C38-8B1F-6F1D26BF607B}.Debug|x86.ActiveCfg = Debug|Any CPU
		{93148893-8893-4C38-8B1F-6F1D26BF607B}.Debug|x86.Build.0 = Debug|Any CPU
		{93148893-8893-4C38-8B1F-6F1D26BF607B}.Debug|x86.Deploy.0 = Debug|Any CPU
		{93148893-8893-4C38-8B1F-6F1D26BF607B}.Release|Any CPU.ActiveCfg = Release|Any CPU
		{93148893-8893-4C38-8B1F-6F1D26BF607B}.Release|Any CPU.Build.0 = Release|Any CPU
		{93148893-8893-4C38-8B1F-6F1D26BF607B}.Release|Any CPU.Deploy.0 = Release|Any CPU
		{93148893-8893-4C38-8B1F-6F1D26BF607B}.Release|ARM.ActiveCfg = Release|Any CPU
		{93148893-8893-4C38-8B1F-6F1D26BF607B}.Release|ARM.Build.0 = Release|Any CPU
		{93148893-8893-4C38-8B1F-6F1D26BF607B}.Release|ARM.Deploy.0 = Release|Any CPU
		{93148893-8893-4C38-8B1F-6F1D26BF607B}.Release|iPhone.ActiveCfg = Release|Any CPU
		{93148893-8893-4C38-8B1F-6F1D26BF607B}.Release|iPhone.Build.0 = Release|Any CPU
		{93148893-8893-4C38-8B1F-6F1D26BF607B}.Release|iPhone.Deploy.0 = Release|Any CPU
		{93148893-8893-4C38-8B1F-6F1D26BF607B}.Release|iPhoneSimulator.ActiveCfg = Release|Any CPU
		{93148893-8893-4C38-8B1F-6F1D26BF607B}.Release|iPhoneSimulator.Build.0 = Release|Any CPU
		{93148893-8893-4C38-8B1F-6F1D26BF607B}.Release|iPhoneSimulator.Deploy.0 = Release|Any CPU
		{93148893-8893-4C38-8B1F-6F1D26BF607B}.Release|x64.ActiveCfg = Release|Any CPU
		{93148893-8893-4C38-8B1F-6F1D26BF607B}.Release|x64.Build.0 = Release|Any CPU
		{93148893-8893-4C38-8B1F-6F1D26BF607B}.Release|x64.Deploy.0 = Release|Any CPU
		{93148893-8893-4C38-8B1F-6F1D26BF607B}.Release|x86.ActiveCfg = Release|Any CPU
		{93148893-8893-4C38-8B1F-6F1D26BF607B}.Release|x86.Build.0 = Release|Any CPU
		{93148893-8893-4C38-8B1F-6F1D26BF607B}.Release|x86.Deploy.0 = Release|Any CPU
	EndGlobalSection
	GlobalSection(SolutionProperties) = preSolution
		HideSolutionNode = FALSE
	EndGlobalSection
	GlobalSection(ExtensibilityGlobals) = postSolution
		SolutionGuid = {15199C8E-CA56-474B-AD83-47AC62BC57F9}
	EndGlobalSection
EndGlobal
